
Microsoft Visual Studio Solution File, Format Version 12.00
# Visual Studio Version 16
VisualStudioVersion = 16.0.33423.256
MinimumVisualStudioVersion = 10.0.40219.1
Project("{8BC9CEB8-8B4A-11D0-8D11-00A0C91BC942}") = "Project1", "Project1\Project1.vcxproj", "{9A31B295-DE7D-4FD5-B62F-FE8E9AD89FEA}"
EndProject
Global
	GlobalSection(SolutionConfigurationPlatforms) = preSolution
		Debug|x64 = Debug|x64
		Debug|x86 = Debug|x86
		Release|x64 = Release|x64
		Release|x86 = Release|x86
	EndGlobalSection
	GlobalSection(ProjectConfigurationPlatforms) = postSolution
		{9A31B295-DE7D-4FD5-B62F-FE8E9AD89FEA}.Debug|x64.ActiveCfg = Debug|x64
		{9A31B295-DE7D-4FD5-B62F-FE8E9AD89FEA}.Debug|x64.Build.0 = Debug|x64
		{9A31B295-DE7D-4FD5-B62F-FE8E9AD89FEA}.Debug|x86.ActiveCfg = Debug|Win32
		{9A31B295-DE7D-4FD5-B62F-FE8E9AD89FEA}.Debug|x86.Build.0 = Debug|Win32
		{9A31B295-DE7D-4FD5-B62F-FE8E9AD89FEA}.Release|x64.ActiveCfg = Release|x64
		{9A31B295-DE7D-4FD5-B62F-FE8E9AD89FEA}.Release|x64.Build.0 = Release|x64
		{9A31B295-DE7D-4FD5-B62F-FE8E9AD89FEA}.Release|x86.ActiveCfg = Release|Win32
		{9A31B295-DE7D-4FD5-B62F-FE8E9AD89FEA}.Release|x86.Build.0 = Release|Win32
	EndGlobalSection
	GlobalSection(SolutionProperties) = preSolution
		HideSolutionNode = FALSE
	EndGlobalSection
	GlobalSection(ExtensibilityGlobals) = postSolution
		SolutionGuid = {73A4CD27-658B-41C2-B27F-8C02E69F4A05}
	EndGlobalSection
EndGlobal
