
Microsoft Visual Studio Solution File, Format Version 12.00
# Visual Studio Version 16
VisualStudioVersion = 16.0.33423.256
MinimumVisualStudioVersion = 10.0.40219.1
Project("{FAE04EC0-301F-11D3-BF4B-00C04F79EFBC}") = "Test", "Test\Test.csproj", "{03AA8697-2C51-4B91-95B3-0845C03D3791}"
EndProject
Global
	GlobalSection(SolutionConfigurationPlatforms) = preSolution
		Debug|Any CPU = Debug|Any CPU
		Release|Any CPU = Release|Any CPU
	EndGlobalSection
	GlobalSection(ProjectConfigurationPlatforms) = postSolution
		{03AA8697-2C51-4B91-95B3-0845C03D3791}.Debug|Any CPU.ActiveCfg = Debug|Any CPU
		{03AA8697-2C51-4B91-95B3-0845C03D3791}.Debug|Any CPU.Build.0 = Debug|Any CPU
		{03AA8697-2C51-4B91-95B3-0845C03D3791}.Release|Any CPU.ActiveCfg = Release|Any CPU
		{03AA8697-2C51-4B91-95B3-0845C03D3791}.Release|Any CPU.Build.0 = Release|Any CPU
	EndGlobalSection
	GlobalSection(SolutionProperties) = preSolution
		HideSolutionNode = FALSE
	EndGlobalSection
	GlobalSection(ExtensibilityGlobals) = postSolution
		SolutionGuid = {A013C21C-DC06-46A0-88B8-F93C9A817F11}
	EndGlobalSection
EndGlobal
