
Microsoft Visual Studio Solution File, Format Version 12.00
# Visual Studio Version 16
VisualStudioVersion = 16.0.33423.256
MinimumVisualStudioVersion = 10.0.40219.1
Project("{FAE04EC0-301F-11D3-BF4B-00C04F79EFBC}") = "Opetuspäivä5Teoria", "Opetuspäivä5Teoria\Opetuspäivä5Teoria.csproj", "{AF929E67-1CA8-411F-81AF-3266DB243AA6}"
EndProject
Global
	GlobalSection(SolutionConfigurationPlatforms) = preSolution
		Debug|Any CPU = Debug|Any CPU
		Release|Any CPU = Release|Any CPU
	EndGlobalSection
	GlobalSection(ProjectConfigurationPlatforms) = postSolution
		{AF929E67-1CA8-411F-81AF-3266DB243AA6}.Debug|Any CPU.ActiveCfg = Debug|Any CPU
		{AF929E67-1CA8-411F-81AF-3266DB243AA6}.Debug|Any CPU.Build.0 = Debug|Any CPU
		{AF929E67-1CA8-411F-81AF-3266DB243AA6}.Release|Any CPU.ActiveCfg = Release|Any CPU
		{AF929E67-1CA8-411F-81AF-3266DB243AA6}.Release|Any CPU.Build.0 = Release|Any CPU
	EndGlobalSection
	GlobalSection(SolutionProperties) = preSolution
		HideSolutionNode = FALSE
	EndGlobalSection
	GlobalSection(ExtensibilityGlobals) = postSolution
		SolutionGuid = {F7893E75-8A47-4CE9-ACCD-4F26442A1EC8}
	EndGlobalSection
EndGlobal
