
Microsoft Visual Studio Solution File, Format Version 12.00
# Visual Studio Version 16
VisualStudioVersion = 16.0.33423.256
MinimumVisualStudioVersion = 10.0.40219.1
Project("{FAE04EC0-301F-11D3-BF4B-00C04F79EFBC}") = "Opetuspäivä10Harjoitukset", "Opetuspäivä10Harjoitukset\Opetuspäivä10Harjoitukset.csproj", "{C80F40CF-81EF-4CE7-B41A-570B05734B39}"
EndProject
Global
	GlobalSection(SolutionConfigurationPlatforms) = preSolution
		Debug|Any CPU = Debug|Any CPU
		Release|Any CPU = Release|Any CPU
	EndGlobalSection
	GlobalSection(ProjectConfigurationPlatforms) = postSolution
		{C80F40CF-81EF-4CE7-B41A-570B05734B39}.Debug|Any CPU.ActiveCfg = Debug|Any CPU
		{C80F40CF-81EF-4CE7-B41A-570B05734B39}.Debug|Any CPU.Build.0 = Debug|Any CPU
		{C80F40CF-81EF-4CE7-B41A-570B05734B39}.Release|Any CPU.ActiveCfg = Release|Any CPU
		{C80F40CF-81EF-4CE7-B41A-570B05734B39}.Release|Any CPU.Build.0 = Release|Any CPU
	EndGlobalSection
	GlobalSection(SolutionProperties) = preSolution
		HideSolutionNode = FALSE
	EndGlobalSection
	GlobalSection(ExtensibilityGlobals) = postSolution
		SolutionGuid = {FED6F48C-377B-464A-BAB4-B519C32F2AA9}
	EndGlobalSection
EndGlobal
