
Microsoft Visual Studio Solution File, Format Version 12.00
# Visual Studio Version 16
VisualStudioVersion = 16.0.33423.256
MinimumVisualStudioVersion = 10.0.40219.1
Project("{FAE04EC0-301F-11D3-BF4B-00C04F79EFBC}") = "Opetuspäivä15Harjoitukset", "Opetuspäivä15Harjoitukset\Opetuspäivä15Harjoitukset.csproj", "{A7DB67C6-95D1-44A3-BCC2-F017A5C6053A}"
EndProject
Global
	GlobalSection(SolutionConfigurationPlatforms) = preSolution
		Debug|Any CPU = Debug|Any CPU
		Release|Any CPU = Release|Any CPU
	EndGlobalSection
	GlobalSection(ProjectConfigurationPlatforms) = postSolution
		{A7DB67C6-95D1-44A3-BCC2-F017A5C6053A}.Debug|Any CPU.ActiveCfg = Debug|Any CPU
		{A7DB67C6-95D1-44A3-BCC2-F017A5C6053A}.Debug|Any CPU.Build.0 = Debug|Any CPU
		{A7DB67C6-95D1-44A3-BCC2-F017A5C6053A}.Release|Any CPU.ActiveCfg = Release|Any CPU
		{A7DB67C6-95D1-44A3-BCC2-F017A5C6053A}.Release|Any CPU.Build.0 = Release|Any CPU
	EndGlobalSection
	GlobalSection(SolutionProperties) = preSolution
		HideSolutionNode = FALSE
	EndGlobalSection
	GlobalSection(ExtensibilityGlobals) = postSolution
		SolutionGuid = {23EB9880-6A0A-41F6-A2C9-D0CCDFFBB4AA}
	EndGlobalSection
EndGlobal
