
Microsoft Visual Studio Solution File, Format Version 12.00
# Visual Studio Version 16
VisualStudioVersion = 16.0.33423.256
MinimumVisualStudioVersion = 10.0.40219.1
Project("{FAE04EC0-301F-11D3-BF4B-00C04F79EFBC}") = "NewInstallTest", "NewInstallTest\NewInstallTest.csproj", "{DC92B737-FDEC-4A58-A65B-2522E57582CA}"
EndProject
Global
	GlobalSection(SolutionConfigurationPlatforms) = preSolution
		Debug|Any CPU = Debug|Any CPU
		Release|Any CPU = Release|Any CPU
	EndGlobalSection
	GlobalSection(ProjectConfigurationPlatforms) = postSolution
		{DC92B737-FDEC-4A58-A65B-2522E57582CA}.Debug|Any CPU.ActiveCfg = Debug|Any CPU
		{DC92B737-FDEC-4A58-A65B-2522E57582CA}.Debug|Any CPU.Build.0 = Debug|Any CPU
		{DC92B737-FDEC-4A58-A65B-2522E57582CA}.Release|Any CPU.ActiveCfg = Release|Any CPU
		{DC92B737-FDEC-4A58-A65B-2522E57582CA}.Release|Any CPU.Build.0 = Release|Any CPU
	EndGlobalSection
	GlobalSection(SolutionProperties) = preSolution
		HideSolutionNode = FALSE
	EndGlobalSection
	GlobalSection(ExtensibilityGlobals) = postSolution
		SolutionGuid = {6C7EA2EC-638C-4E14-8295-03CE99D1EA70}
	EndGlobalSection
EndGlobal
