
Microsoft Visual Studio Solution File, Format Version 12.00
# Visual Studio Version 16
VisualStudioVersion = 16.0.33423.256
MinimumVisualStudioVersion = 10.0.40219.1
Project("{FAE04EC0-301F-11D3-BF4B-00C04F79EFBC}") = "Opetuspäivä7Harjoitukset", "Opetuspäivä7Harjoitukset\Opetuspäivä7Harjoitukset.csproj", "{D65E7032-A5A8-44DB-9927-D7F695CBEE3B}"
EndProject
Global
	GlobalSection(SolutionConfigurationPlatforms) = preSolution
		Debug|Any CPU = Debug|Any CPU
		Release|Any CPU = Release|Any CPU
	EndGlobalSection
	GlobalSection(ProjectConfigurationPlatforms) = postSolution
		{D65E7032-A5A8-44DB-9927-D7F695CBEE3B}.Debug|Any CPU.ActiveCfg = Debug|Any CPU
		{D65E7032-A5A8-44DB-9927-D7F695CBEE3B}.Debug|Any CPU.Build.0 = Debug|Any CPU
		{D65E7032-A5A8-44DB-9927-D7F695CBEE3B}.Release|Any CPU.ActiveCfg = Release|Any CPU
		{D65E7032-A5A8-44DB-9927-D7F695CBEE3B}.Release|Any CPU.Build.0 = Release|Any CPU
	EndGlobalSection
	GlobalSection(SolutionProperties) = preSolution
		HideSolutionNode = FALSE
	EndGlobalSection
	GlobalSection(ExtensibilityGlobals) = postSolution
		SolutionGuid = {B70CE167-ED85-43F0-9D4E-10FF4D8B6C0A}
	EndGlobalSection
EndGlobal
