
Microsoft Visual Studio Solution File, Format Version 12.00
# Visual Studio Version 16
VisualStudioVersion = 16.0.31112.23
MinimumVisualStudioVersion = 10.0.40219.1
Project("{FAE04EC0-301F-11D3-BF4B-00C04F79EFBC}") = "4CPerusPalkanlasku", "4CPerusPalkanlasku\4CPerusPalkanlasku.csproj", "{4A499F0B-DF9E-431F-BB34-FBD2ACEAC3B9}"
EndProject
Global
	GlobalSection(SolutionConfigurationPlatforms) = preSolution
		Debug|Any CPU = Debug|Any CPU
		Release|Any CPU = Release|Any CPU
	EndGlobalSection
	GlobalSection(ProjectConfigurationPlatforms) = postSolution
		{4A499F0B-DF9E-431F-BB34-FBD2ACEAC3B9}.Debug|Any CPU.ActiveCfg = Debug|Any CPU
		{4A499F0B-DF9E-431F-BB34-FBD2ACEAC3B9}.Debug|Any CPU.Build.0 = Debug|Any CPU
		{4A499F0B-DF9E-431F-BB34-FBD2ACEAC3B9}.Release|Any CPU.ActiveCfg = Release|Any CPU
		{4A499F0B-DF9E-431F-BB34-FBD2ACEAC3B9}.Release|Any CPU.Build.0 = Release|Any CPU
	EndGlobalSection
	GlobalSection(SolutionProperties) = preSolution
		HideSolutionNode = FALSE
	EndGlobalSection
	GlobalSection(ExtensibilityGlobals) = postSolution
		SolutionGuid = {8727B229-1ECD-4568-B4E3-670CFF4C87FD}
	EndGlobalSection
EndGlobal
